// !$*UTF8*$!
{
	archiveVersion = 1;
	classes = {
	};
	objectVersion = 50;
	objects = {

/* Begin PBXBuildFile section */
		7B89AD943490DC69574CA7B0 /* Pods_DiaryProject.framework in Frameworks */ = {isa = PBXBuildFile; fileRef = BCE15647CBB59B9ACA5B85F7 /* Pods_DiaryProject.framework */; };
		8013B64A3BEB67C831E8A71A /* Pods_DiaryProjectTests.framework in Frameworks */ = {isa = PBXBuildFile; fileRef = B9386D7B5886DFB040BBB159 /* Pods_DiaryProjectTests.framework */; };
		9D0982A82112E35C000F3946 /* AppDelegate.swift in Sources */ = {isa = PBXBuildFile; fileRef = 9D0982A72112E35C000F3946 /* AppDelegate.swift */; };
		9D0982AA2112E35C000F3946 /* EntryViewController.swift in Sources */ = {isa = PBXBuildFile; fileRef = 9D0982A92112E35C000F3946 /* EntryViewController.swift */; };
		9D0982AD2112E35C000F3946 /* Main.storyboard in Resources */ = {isa = PBXBuildFile; fileRef = 9D0982AB2112E35C000F3946 /* Main.storyboard */; };
		9D0982AF2112E35D000F3946 /* Assets.xcassets in Resources */ = {isa = PBXBuildFile; fileRef = 9D0982AE2112E35D000F3946 /* Assets.xcassets */; };
		9D0982B22112E35D000F3946 /* LaunchScreen.storyboard in Resources */ = {isa = PBXBuildFile; fileRef = 9D0982B02112E35D000F3946 /* LaunchScreen.storyboard */; };
		9D69214921250DB9009684C4 /* UIKit+MyDiary.swift in Sources */ = {isa = PBXBuildFile; fileRef = 9D69214821250DB9009684C4 /* UIKit+MyDiary.swift */; };
		9D851702212A9CC8003A1FDA /* Environment.swift in Sources */ = {isa = PBXBuildFile; fileRef = 9D851701212A9CC8003A1FDA /* Environment.swift */; };
		9D86353D211425B90047043C /* background.jpg in Resources */ = {isa = PBXBuildFile; fileRef = 9D86353A211425B90047043C /* background.jpg */; };
		9D86353E211425B90047043C /* background@2x.jpg in Resources */ = {isa = PBXBuildFile; fileRef = 9D86353B211425B90047043C /* background@2x.jpg */; };
		9D86353F211425B90047043C /* background@3x.jpg in Resources */ = {isa = PBXBuildFile; fileRef = 9D86353C211425B90047043C /* background@3x.jpg */; };
		9D86354621142D060047043C /* Entry.swift in Sources */ = {isa = PBXBuildFile; fileRef = 9D86354521142D060047043C /* Entry.swift */; };
		9D86354E21142F650047043C /* DiaryProjectTests.swift in Sources */ = {isa = PBXBuildFile; fileRef = 9D86354D21142F650047043C /* DiaryProjectTests.swift */; };
		9DA6D07121153A15000D96E0 /* EntryRepository.swift in Sources */ = {isa = PBXBuildFile; fileRef = 9DA6D07021153A15000D96E0 /* EntryRepository.swift */; };
		9DA6D073211547F5000D96E0 /* Identifiable.swift in Sources */ = {isa = PBXBuildFile; fileRef = 9DA6D072211547F5000D96E0 /* Identifiable.swift */; };
		9DB86A082127AA3F00818C77 /* TimelineViewContloller.swift in Sources */ = {isa = PBXBuildFile; fileRef = 9DB86A072127AA3F00818C77 /* TimelineViewContloller.swift */; };
/* End PBXBuildFile section */

/* Begin PBXContainerItemProxy section */
		9D86355021142F650047043C /* PBXContainerItemProxy */ = {
			isa = PBXContainerItemProxy;
			containerPortal = 9D09829C2112E35C000F3946 /* Project object */;
			proxyType = 1;
			remoteGlobalIDString = 9D0982A32112E35C000F3946;
			remoteInfo = DiaryProject;
		};
/* End PBXContainerItemProxy section */

/* Begin PBXFileReference section */
		2305B39937B777DCD2F8C092 /* Pods-DiaryProjectTests.release.xcconfig */ = {isa = PBXFileReference; includeInIndex = 1; lastKnownFileType = text.xcconfig; name = "Pods-DiaryProjectTests.release.xcconfig"; path = "Pods/Target Support Files/Pods-DiaryProjectTests/Pods-DiaryProjectTests.release.xcconfig"; sourceTree = "<group>"; };
		5EB52B07EFBE32F189C888AB /* Pods-DiaryProject.release.xcconfig */ = {isa = PBXFileReference; includeInIndex = 1; lastKnownFileType = text.xcconfig; name = "Pods-DiaryProject.release.xcconfig"; path = "Pods/Target Support Files/Pods-DiaryProject/Pods-DiaryProject.release.xcconfig"; sourceTree = "<group>"; };
		9D0982A42112E35C000F3946 /* DiaryProject.app */ = {isa = PBXFileReference; explicitFileType = wrapper.application; includeInIndex = 0; path = DiaryProject.app; sourceTree = BUILT_PRODUCTS_DIR; };
		9D0982A72112E35C000F3946 /* AppDelegate.swift */ = {isa = PBXFileReference; lastKnownFileType = sourcecode.swift; path = AppDelegate.swift; sourceTree = "<group>"; };
		9D0982A92112E35C000F3946 /* EntryViewController.swift */ = {isa = PBXFileReference; lastKnownFileType = sourcecode.swift; path = EntryViewController.swift; sourceTree = "<group>"; };
		9D0982AC2112E35C000F3946 /* Base */ = {isa = PBXFileReference; lastKnownFileType = file.storyboard; name = Base; path = Base.lproj/Main.storyboard; sourceTree = "<group>"; };
		9D0982AE2112E35D000F3946 /* Assets.xcassets */ = {isa = PBXFileReference; lastKnownFileType = folder.assetcatalog; path = Assets.xcassets; sourceTree = "<group>"; };
		9D0982B12112E35D000F3946 /* Base */ = {isa = PBXFileReference; lastKnownFileType = file.storyboard; name = Base; path = Base.lproj/LaunchScreen.storyboard; sourceTree = "<group>"; };
		9D0982B32112E35D000F3946 /* Info.plist */ = {isa = PBXFileReference; lastKnownFileType = text.plist.xml; path = Info.plist; sourceTree = "<group>"; };
		9D69214821250DB9009684C4 /* UIKit+MyDiary.swift */ = {isa = PBXFileReference; lastKnownFileType = sourcecode.swift; path = "UIKit+MyDiary.swift"; sourceTree = "<group>"; };
		9D851701212A9CC8003A1FDA /* Environment.swift */ = {isa = PBXFileReference; lastKnownFileType = sourcecode.swift; path = Environment.swift; sourceTree = "<group>"; };
		9D86353A211425B90047043C /* background.jpg */ = {isa = PBXFileReference; lastKnownFileType = image.jpeg; name = background.jpg; path = ../../../../../Downloads/background/background.jpg; sourceTree = "<group>"; };
		9D86353B211425B90047043C /* background@2x.jpg */ = {isa = PBXFileReference; lastKnownFileType = image.jpeg; name = "background@2x.jpg"; path = "../../../../../Downloads/background/background@2x.jpg"; sourceTree = "<group>"; };
		9D86353C211425B90047043C /* background@3x.jpg */ = {isa = PBXFileReference; lastKnownFileType = image.jpeg; name = "background@3x.jpg"; path = "../../../../../Downloads/background/background@3x.jpg"; sourceTree = "<group>"; };
		9D86354521142D060047043C /* Entry.swift */ = {isa = PBXFileReference; lastKnownFileType = sourcecode.swift; path = Entry.swift; sourceTree = "<group>"; };
		9D86354B21142F650047043C /* DiaryProjectTests.xctest */ = {isa = PBXFileReference; explicitFileType = wrapper.cfbundle; includeInIndex = 0; path = DiaryProjectTests.xctest; sourceTree = BUILT_PRODUCTS_DIR; };
		9D86354D21142F650047043C /* DiaryProjectTests.swift */ = {isa = PBXFileReference; lastKnownFileType = sourcecode.swift; path = DiaryProjectTests.swift; sourceTree = "<group>"; };
		9D86354F21142F650047043C /* Info.plist */ = {isa = PBXFileReference; lastKnownFileType = text.plist.xml; path = Info.plist; sourceTree = "<group>"; };
		9DA6D07021153A15000D96E0 /* EntryRepository.swift */ = {isa = PBXFileReference; lastKnownFileType = sourcecode.swift; path = EntryRepository.swift; sourceTree = "<group>"; };
		9DA6D072211547F5000D96E0 /* Identifiable.swift */ = {isa = PBXFileReference; lastKnownFileType = sourcecode.swift; path = Identifiable.swift; sourceTree = "<group>"; };
		9DB86A072127AA3F00818C77 /* TimelineViewContloller.swift */ = {isa = PBXFileReference; lastKnownFileType = sourcecode.swift; path = TimelineViewContloller.swift; sourceTree = "<group>"; };
		B90935E4D04AF4DD245DC9DD /* Pods-DiaryProjectTests.debug.xcconfig */ = {isa = PBXFileReference; includeInIndex = 1; lastKnownFileType = text.xcconfig; name = "Pods-DiaryProjectTests.debug.xcconfig"; path = "Pods/Target Support Files/Pods-DiaryProjectTests/Pods-DiaryProjectTests.debug.xcconfig"; sourceTree = "<group>"; };
		B9386D7B5886DFB040BBB159 /* Pods_DiaryProjectTests.framework */ = {isa = PBXFileReference; explicitFileType = wrapper.framework; includeInIndex = 0; path = Pods_DiaryProjectTests.framework; sourceTree = BUILT_PRODUCTS_DIR; };
		BCE15647CBB59B9ACA5B85F7 /* Pods_DiaryProject.framework */ = {isa = PBXFileReference; explicitFileType = wrapper.framework; includeInIndex = 0; path = Pods_DiaryProject.framework; sourceTree = BUILT_PRODUCTS_DIR; };
		DD62264BA115AA4FE417F99C /* Pods-DiaryProject.debug.xcconfig */ = {isa = PBXFileReference; includeInIndex = 1; lastKnownFileType = text.xcconfig; name = "Pods-DiaryProject.debug.xcconfig"; path = "Pods/Target Support Files/Pods-DiaryProject/Pods-DiaryProject.debug.xcconfig"; sourceTree = "<group>"; };
/* End PBXFileReference section */

/* Begin PBXFrameworksBuildPhase section */
		9D0982A12112E35C000F3946 /* Frameworks */ = {
			isa = PBXFrameworksBuildPhase;
			buildActionMask = 2147483647;
			files = (
				7B89AD943490DC69574CA7B0 /* Pods_DiaryProject.framework in Frameworks */,
			);
			runOnlyForDeploymentPostprocessing = 0;
		};
		9D86354821142F650047043C /* Frameworks */ = {
			isa = PBXFrameworksBuildPhase;
			buildActionMask = 2147483647;
			files = (
				8013B64A3BEB67C831E8A71A /* Pods_DiaryProjectTests.framework in Frameworks */,
			);
			runOnlyForDeploymentPostprocessing = 0;
		};
/* End PBXFrameworksBuildPhase section */

/* Begin PBXGroup section */
		04DBDC7A3FB6174C7F4A4EB4 /* Frameworks */ = {
			isa = PBXGroup;
			children = (
				BCE15647CBB59B9ACA5B85F7 /* Pods_DiaryProject.framework */,
				B9386D7B5886DFB040BBB159 /* Pods_DiaryProjectTests.framework */,
			);
			name = Frameworks;
			sourceTree = "<group>";
		};
		45E0748BE616C57F50B72AAC /* Pods */ = {
			isa = PBXGroup;
			children = (
				DD62264BA115AA4FE417F99C /* Pods-DiaryProject.debug.xcconfig */,
				5EB52B07EFBE32F189C888AB /* Pods-DiaryProject.release.xcconfig */,
				B90935E4D04AF4DD245DC9DD /* Pods-DiaryProjectTests.debug.xcconfig */,
				2305B39937B777DCD2F8C092 /* Pods-DiaryProjectTests.release.xcconfig */,
			);
			name = Pods;
			sourceTree = "<group>";
		};
		9D09829B2112E35C000F3946 = {
			isa = PBXGroup;
			children = (
				9D0982A62112E35C000F3946 /* DiaryProject */,
				9D86354C21142F650047043C /* DiaryProjectTests */,
				9D0982A52112E35C000F3946 /* Products */,
				45E0748BE616C57F50B72AAC /* Pods */,
				04DBDC7A3FB6174C7F4A4EB4 /* Frameworks */,
			);
			sourceTree = "<group>";
		};
		9D0982A52112E35C000F3946 /* Products */ = {
			isa = PBXGroup;
			children = (
				9D0982A42112E35C000F3946 /* DiaryProject.app */,
				9D86354B21142F650047043C /* DiaryProjectTests.xctest */,
			);
			name = Products;
			sourceTree = "<group>";
		};
		9D0982A62112E35C000F3946 /* DiaryProject */ = {
			isa = PBXGroup;
			children = (
				9D0982B32112E35D000F3946 /* Info.plist */,
				9D863541211426150047043C /* Sources */,
				9D863540211425C90047043C /* Storyboards */,
				9D863539211425670047043C /* Resources */,
			);
			path = DiaryProject;
			sourceTree = "<group>";
		};
		9D863539211425670047043C /* Resources */ = {
			isa = PBXGroup;
			children = (
				9D86353A211425B90047043C /* background.jpg */,
				9D86353B211425B90047043C /* background@2x.jpg */,
				9D86353C211425B90047043C /* background@3x.jpg */,
				9D0982AE2112E35D000F3946 /* Assets.xcassets */,
			);
			path = Resources;
			sourceTree = "<group>";
		};
		9D863540211425C90047043C /* Storyboards */ = {
			isa = PBXGroup;
			children = (
				9D0982AB2112E35C000F3946 /* Main.storyboard */,
				9D0982B02112E35D000F3946 /* LaunchScreen.storyboard */,
			);
			path = Storyboards;
			sourceTree = "<group>";
		};
		9D863541211426150047043C /* Sources */ = {
			isa = PBXGroup;
			children = (
				9D863542211426280047043C /* Shared */,
				9D86354421142CAE0047043C /* Model */,
				9D863543211426400047043C /* Controllers */,
			);
			path = Sources;
			sourceTree = "<group>";
		};
		9D863542211426280047043C /* Shared */ = {
			isa = PBXGroup;
			children = (
				9D0982A72112E35C000F3946 /* AppDelegate.swift */,
				9DA6D072211547F5000D96E0 /* Identifiable.swift */,
				9D69214821250DB9009684C4 /* UIKit+MyDiary.swift */,
				9D851701212A9CC8003A1FDA /* Environment.swift */,
			);
			path = Shared;
			sourceTree = "<group>";
		};
		9D863543211426400047043C /* Controllers */ = {
			isa = PBXGroup;
			children = (
				9D0982A92112E35C000F3946 /* EntryViewController.swift */,
				9DB86A072127AA3F00818C77 /* TimelineViewContloller.swift */,
			);
			path = Controllers;
			sourceTree = "<group>";
		};
		9D86354421142CAE0047043C /* Model */ = {
			isa = PBXGroup;
			children = (
				9D86354521142D060047043C /* Entry.swift */,
				9DA6D07021153A15000D96E0 /* EntryRepository.swift */,
			);
			path = Model;
			sourceTree = "<group>";
		};
		9D86354C21142F650047043C /* DiaryProjectTests */ = {
			isa = PBXGroup;
			children = (
				9D86354D21142F650047043C /* DiaryProjectTests.swift */,
				9D86354F21142F650047043C /* Info.plist */,
			);
			path = DiaryProjectTests;
			sourceTree = "<group>";
		};
/* End PBXGroup section */

/* Begin PBXNativeTarget section */
		9D0982A32112E35C000F3946 /* DiaryProject */ = {
			isa = PBXNativeTarget;
			buildConfigurationList = 9D0982B62112E35D000F3946 /* Build configuration list for PBXNativeTarget "DiaryProject" */;
			buildPhases = (
				64DFCF5DE54321E0EA870C43 /* [CP] Check Pods Manifest.lock */,
				9D0982A02112E35C000F3946 /* Sources */,
				9D0982A12112E35C000F3946 /* Frameworks */,
				9D0982A22112E35C000F3946 /* Resources */,
				1F81E62E784E673D5659CC85 /* [CP] Embed Pods Frameworks */,
			);
			buildRules = (
			);
			dependencies = (
			);
			name = DiaryProject;
			productName = DiaryProject;
			productReference = 9D0982A42112E35C000F3946 /* DiaryProject.app */;
			productType = "com.apple.product-type.application";
		};
		9D86354A21142F650047043C /* DiaryProjectTests */ = {
			isa = PBXNativeTarget;
			buildConfigurationList = 9D86355221142F650047043C /* Build configuration list for PBXNativeTarget "DiaryProjectTests" */;
			buildPhases = (
				7F065E06C2405E68B5521939 /* [CP] Check Pods Manifest.lock */,
				9D86354721142F650047043C /* Sources */,
				9D86354821142F650047043C /* Frameworks */,
				9D86354921142F650047043C /* Resources */,
				98A968A44119A90AFCCD4F26 /* [CP] Embed Pods Frameworks */,
			);
			buildRules = (
			);
			dependencies = (
				9D86355121142F650047043C /* PBXTargetDependency */,
			);
			name = DiaryProjectTests;
			productName = DiaryProjectTests;
			productReference = 9D86354B21142F650047043C /* DiaryProjectTests.xctest */;
			productType = "com.apple.product-type.bundle.unit-test";
		};
/* End PBXNativeTarget section */

/* Begin PBXProject section */
		9D09829C2112E35C000F3946 /* Project object */ = {
			isa = PBXProject;
			attributes = {
				LastSwiftUpdateCheck = 0940;
				LastUpgradeCheck = 0940;
				ORGANIZATIONNAME = "김종서";
				TargetAttributes = {
					9D0982A32112E35C000F3946 = {
						CreatedOnToolsVersion = 9.4.1;
					};
					9D86354A21142F650047043C = {
						CreatedOnToolsVersion = 9.4.1;
						TestTargetID = 9D0982A32112E35C000F3946;
					};
				};
			};
			buildConfigurationList = 9D09829F2112E35C000F3946 /* Build configuration list for PBXProject "DiaryProject" */;
			compatibilityVersion = "Xcode 9.3";
			developmentRegion = en;
			hasScannedForEncodings = 0;
			knownRegions = (
				en,
				Base,
			);
			mainGroup = 9D09829B2112E35C000F3946;
			productRefGroup = 9D0982A52112E35C000F3946 /* Products */;
			projectDirPath = "";
			projectRoot = "";
			targets = (
				9D0982A32112E35C000F3946 /* DiaryProject */,
				9D86354A21142F650047043C /* DiaryProjectTests */,
			);
		};
/* End PBXProject section */

/* Begin PBXResourcesBuildPhase section */
		9D0982A22112E35C000F3946 /* Resources */ = {
			isa = PBXResourcesBuildPhase;
			buildActionMask = 2147483647;
			files = (
				9D0982B22112E35D000F3946 /* LaunchScreen.storyboard in Resources */,
				9D86353F211425B90047043C /* background@3x.jpg in Resources */,
				9D86353D211425B90047043C /* background.jpg in Resources */,
				9D0982AF2112E35D000F3946 /* Assets.xcassets in Resources */,
				9D86353E211425B90047043C /* background@2x.jpg in Resources */,
				9D0982AD2112E35C000F3946 /* Main.storyboard in Resources */,
			);
			runOnlyForDeploymentPostprocessing = 0;
		};
		9D86354921142F650047043C /* Resources */ = {
			isa = PBXResourcesBuildPhase;
			buildActionMask = 2147483647;
			files = (
			);
			runOnlyForDeploymentPostprocessing = 0;
		};
/* End PBXResourcesBuildPhase section */

/* Begin PBXShellScriptBuildPhase section */
		1F81E62E784E673D5659CC85 /* [CP] Embed Pods Frameworks */ = {
			isa = PBXShellScriptBuildPhase;
			buildActionMask = 2147483647;
			files = (
			);
			inputPaths = (
				"${SRCROOT}/Pods/Target Support Files/Pods-DiaryProject/Pods-DiaryProject-frameworks.sh",
				"${BUILT_PRODUCTS_DIR}/SnapKit/SnapKit.framework",
			);
			name = "[CP] Embed Pods Frameworks";
			outputPaths = (
				"${TARGET_BUILD_DIR}/${FRAMEWORKS_FOLDER_PATH}/SnapKit.framework",
			);
			runOnlyForDeploymentPostprocessing = 0;
			shellPath = /bin/sh;
			shellScript = "\"${SRCROOT}/Pods/Target Support Files/Pods-DiaryProject/Pods-DiaryProject-frameworks.sh\"\n";
			showEnvVarsInLog = 0;
		};
		64DFCF5DE54321E0EA870C43 /* [CP] Check Pods Manifest.lock */ = {
			isa = PBXShellScriptBuildPhase;
			buildActionMask = 2147483647;
			files = (
			);
			inputPaths = (
				"${PODS_PODFILE_DIR_PATH}/Podfile.lock",
				"${PODS_ROOT}/Manifest.lock",
			);
			name = "[CP] Check Pods Manifest.lock";
			outputPaths = (
				"$(DERIVED_FILE_DIR)/Pods-DiaryProject-checkManifestLockResult.txt",
			);
			runOnlyForDeploymentPostprocessing = 0;
			shellPath = /bin/sh;
			shellScript = "diff \"${PODS_PODFILE_DIR_PATH}/Podfile.lock\" \"${PODS_ROOT}/Manifest.lock\" > /dev/null\nif [ $? != 0 ] ; then\n    # print error to STDERR\n    echo \"error: The sandbox is not in sync with the Podfile.lock. Run 'pod install' or update your CocoaPods installation.\" >&2\n    exit 1\nfi\n# This output is used by Xcode 'outputs' to avoid re-running this script phase.\necho \"SUCCESS\" > \"${SCRIPT_OUTPUT_FILE_0}\"\n";
			showEnvVarsInLog = 0;
		};
		7F065E06C2405E68B5521939 /* [CP] Check Pods Manifest.lock */ = {
			isa = PBXShellScriptBuildPhase;
			buildActionMask = 2147483647;
			files = (
			);
			inputPaths = (
				"${PODS_PODFILE_DIR_PATH}/Podfile.lock",
				"${PODS_ROOT}/Manifest.lock",
			);
			name = "[CP] Check Pods Manifest.lock";
			outputPaths = (
				"$(DERIVED_FILE_DIR)/Pods-DiaryProjectTests-checkManifestLockResult.txt",
			);
			runOnlyForDeploymentPostprocessing = 0;
			shellPath = /bin/sh;
			shellScript = "diff \"${PODS_PODFILE_DIR_PATH}/Podfile.lock\" \"${PODS_ROOT}/Manifest.lock\" > /dev/null\nif [ $? != 0 ] ; then\n    # print error to STDERR\n    echo \"error: The sandbox is not in sync with the Podfile.lock. Run 'pod install' or update your CocoaPods installation.\" >&2\n    exit 1\nfi\n# This output is used by Xcode 'outputs' to avoid re-running this script phase.\necho \"SUCCESS\" > \"${SCRIPT_OUTPUT_FILE_0}\"\n";
			showEnvVarsInLog = 0;
		};
		98A968A44119A90AFCCD4F26 /* [CP] Embed Pods Frameworks */ = {
			isa = PBXShellScriptBuildPhase;
			buildActionMask = 2147483647;
			files = (
			);
			inputPaths = (
				"${SRCROOT}/Pods/Target Support Files/Pods-DiaryProjectTests/Pods-DiaryProjectTests-frameworks.sh",
				"${BUILT_PRODUCTS_DIR}/Nimble/Nimble.framework",
			);
			name = "[CP] Embed Pods Frameworks";
			outputPaths = (
				"${TARGET_BUILD_DIR}/${FRAMEWORKS_FOLDER_PATH}/Nimble.framework",
			);
			runOnlyForDeploymentPostprocessing = 0;
			shellPath = /bin/sh;
			shellScript = "\"${SRCROOT}/Pods/Target Support Files/Pods-DiaryProjectTests/Pods-DiaryProjectTests-frameworks.sh\"\n";
			showEnvVarsInLog = 0;
		};
/* End PBXShellScriptBuildPhase section */

/* Begin PBXSourcesBuildPhase section */
		9D0982A02112E35C000F3946 /* Sources */ = {
			isa = PBXSourcesBuildPhase;
			buildActionMask = 2147483647;
			files = (
				9D69214921250DB9009684C4 /* UIKit+MyDiary.swift in Sources */,
				9D851702212A9CC8003A1FDA /* Environment.swift in Sources */,
				9D86354621142D060047043C /* Entry.swift in Sources */,
				9D0982AA2112E35C000F3946 /* EntryViewController.swift in Sources */,
				9DB86A082127AA3F00818C77 /* TimelineViewContloller.swift in Sources */,
				9D0982A82112E35C000F3946 /* AppDelegate.swift in Sources */,
				9DA6D073211547F5000D96E0 /* Identifiable.swift in Sources */,
				9DA6D07121153A15000D96E0 /* EntryRepository.swift in Sources */,
			);
			runOnlyForDeploymentPostprocessing = 0;
		};
		9D86354721142F650047043C /* Sources */ = {
			isa = PBXSourcesBuildPhase;
			buildActionMask = 2147483647;
			files = (
				9D86354E21142F650047043C /* DiaryProjectTests.swift in Sources */,
			);
			runOnlyForDeploymentPostprocessing = 0;
		};
/* End PBXSourcesBuildPhase section */

/* Begin PBXTargetDependency section */
		9D86355121142F650047043C /* PBXTargetDependency */ = {
			isa = PBXTargetDependency;
			target = 9D0982A32112E35C000F3946 /* DiaryProject */;
			targetProxy = 9D86355021142F650047043C /* PBXContainerItemProxy */;
		};
/* End PBXTargetDependency section */

/* Begin PBXVariantGroup section */
		9D0982AB2112E35C000F3946 /* Main.storyboard */ = {
			isa = PBXVariantGroup;
			children = (
				9D0982AC2112E35C000F3946 /* Base */,
			);
			name = Main.storyboard;
			sourceTree = "<group>";
		};
		9D0982B02112E35D000F3946 /* LaunchScreen.storyboard */ = {
			isa = PBXVariantGroup;
			children = (
				9D0982B12112E35D000F3946 /* Base */,
			);
			name = LaunchScreen.storyboard;
			sourceTree = "<group>";
		};
/* End PBXVariantGroup section */

/* Begin XCBuildConfiguration section */
		9D0982B42112E35D000F3946 /* Debug */ = {
			isa = XCBuildConfiguration;
			buildSettings = {
				ALWAYS_SEARCH_USER_PATHS = NO;
				CLANG_ANALYZER_NONNULL = YES;
				CLANG_ANALYZER_NUMBER_OBJECT_CONVERSION = YES_AGGRESSIVE;
				CLANG_CXX_LANGUAGE_STANDARD = "gnu++14";
				CLANG_CXX_LIBRARY = "libc++";
				CLANG_ENABLE_MODULES = YES;
				CLANG_ENABLE_OBJC_ARC = YES;
				CLANG_ENABLE_OBJC_WEAK = YES;
				CLANG_WARN_BLOCK_CAPTURE_AUTORELEASING = YES;
				CLANG_WARN_BOOL_CONVERSION = YES;
				CLANG_WARN_COMMA = YES;
				CLANG_WARN_CONSTANT_CONVERSION = YES;
				CLANG_WARN_DEPRECATED_OBJC_IMPLEMENTATIONS = YES;
				CLANG_WARN_DIRECT_OBJC_ISA_USAGE = YES_ERROR;
				CLANG_WARN_DOCUMENTATION_COMMENTS = YES;
				CLANG_WARN_EMPTY_BODY = YES;
				CLANG_WARN_ENUM_CONVERSION = YES;
				CLANG_WARN_INFINITE_RECURSION = YES;
				CLANG_WARN_INT_CONVERSION = YES;
				CLANG_WARN_NON_LITERAL_NULL_CONVERSION = YES;
				CLANG_WARN_OBJC_IMPLICIT_RETAIN_SELF = YES;
				CLANG_WARN_OBJC_LITERAL_CONVERSION = YES;
				CLANG_WARN_OBJC_ROOT_CLASS = YES_ERROR;
				CLANG_WARN_RANGE_LOOP_ANALYSIS = YES;
				CLANG_WARN_STRICT_PROTOTYPES = YES;
				CLANG_WARN_SUSPICIOUS_MOVE = YES;
				CLANG_WARN_UNGUARDED_AVAILABILITY = YES_AGGRESSIVE;
				CLANG_WARN_UNREACHABLE_CODE = YES;
				CLANG_WARN__DUPLICATE_METHOD_MATCH = YES;
				CODE_SIGN_IDENTITY = "iPhone Developer";
				COPY_PHASE_STRIP = NO;
				DEBUG_INFORMATION_FORMAT = dwarf;
				ENABLE_STRICT_OBJC_MSGSEND = YES;
				ENABLE_TESTABILITY = YES;
				GCC_C_LANGUAGE_STANDARD = gnu11;
				GCC_DYNAMIC_NO_PIC = NO;
				GCC_NO_COMMON_BLOCKS = YES;
				GCC_OPTIMIZATION_LEVEL = 0;
				GCC_PREPROCESSOR_DEFINITIONS = (
					"DEBUG=1",
					"$(inherited)",
				);
				GCC_WARN_64_TO_32_BIT_CONVERSION = YES;
				GCC_WARN_ABOUT_RETURN_TYPE = YES_ERROR;
				GCC_WARN_UNDECLARED_SELECTOR = YES;
				GCC_WARN_UNINITIALIZED_AUTOS = YES_AGGRESSIVE;
				GCC_WARN_UNUSED_FUNCTION = YES;
				GCC_WARN_UNUSED_VARIABLE = YES;
				IPHONEOS_DEPLOYMENT_TARGET = 11.4;
				MTL_ENABLE_DEBUG_INFO = YES;
				ONLY_ACTIVE_ARCH = YES;
				SDKROOT = iphoneos;
				SWIFT_ACTIVE_COMPILATION_CONDITIONS = DEBUG;
				SWIFT_OPTIMIZATION_LEVEL = "-Onone";
			};
			name = Debug;
		};
		9D0982B52112E35D000F3946 /* Release */ = {
			isa = XCBuildConfiguration;
			buildSettings = {
				ALWAYS_SEARCH_USER_PATHS = NO;
				CLANG_ANALYZER_NONNULL = YES;
				CLANG_ANALYZER_NUMBER_OBJECT_CONVERSION = YES_AGGRESSIVE;
				CLANG_CXX_LANGUAGE_STANDARD = "gnu++14";
				CLANG_CXX_LIBRARY = "libc++";
				CLANG_ENABLE_MODULES = YES;
				CLANG_ENABLE_OBJC_ARC = YES;
				CLANG_ENABLE_OBJC_WEAK = YES;
				CLANG_WARN_BLOCK_CAPTURE_AUTORELEASING = YES;
				CLANG_WARN_BOOL_CONVERSION = YES;
				CLANG_WARN_COMMA = YES;
				CLANG_WARN_CONSTANT_CONVERSION = YES;
				CLANG_WARN_DEPRECATED_OBJC_IMPLEMENTATIONS = YES;
				CLANG_WARN_DIRECT_OBJC_ISA_USAGE = YES_ERROR;
				CLANG_WARN_DOCUMENTATION_COMMENTS = YES;
				CLANG_WARN_EMPTY_BODY = YES;
				CLANG_WARN_ENUM_CONVERSION = YES;
				CLANG_WARN_INFINITE_RECURSION = YES;
				CLANG_WARN_INT_CONVERSION = YES;
				CLANG_WARN_NON_LITERAL_NULL_CONVERSION = YES;
				CLANG_WARN_OBJC_IMPLICIT_RETAIN_SELF = YES;
				CLANG_WARN_OBJC_LITERAL_CONVERSION = YES;
				CLANG_WARN_OBJC_ROOT_CLASS = YES_ERROR;
				CLANG_WARN_RANGE_LOOP_ANALYSIS = YES;
				CLANG_WARN_STRICT_PROTOTYPES = YES;
				CLANG_WARN_SUSPICIOUS_MOVE = YES;
				CLANG_WARN_UNGUARDED_AVAILABILITY = YES_AGGRESSIVE;
				CLANG_WARN_UNREACHABLE_CODE = YES;
				CLANG_WARN__DUPLICATE_METHOD_MATCH = YES;
				CODE_SIGN_IDENTITY = "iPhone Developer";
				COPY_PHASE_STRIP = NO;
				DEBUG_INFORMATION_FORMAT = "dwarf-with-dsym";
				ENABLE_NS_ASSERTIONS = NO;
				ENABLE_STRICT_OBJC_MSGSEND = YES;
				GCC_C_LANGUAGE_STANDARD = gnu11;
				GCC_NO_COMMON_BLOCKS = YES;
				GCC_WARN_64_TO_32_BIT_CONVERSION = YES;
				GCC_WARN_ABOUT_RETURN_TYPE = YES_ERROR;
				GCC_WARN_UNDECLARED_SELECTOR = YES;
				GCC_WARN_UNINITIALIZED_AUTOS = YES_AGGRESSIVE;
				GCC_WARN_UNUSED_FUNCTION = YES;
				GCC_WARN_UNUSED_VARIABLE = YES;
				IPHONEOS_DEPLOYMENT_TARGET = 11.4;
				MTL_ENABLE_DEBUG_INFO = NO;
				SDKROOT = iphoneos;
				SWIFT_COMPILATION_MODE = wholemodule;
				SWIFT_OPTIMIZATION_LEVEL = "-O";
				VALIDATE_PRODUCT = YES;
			};
			name = Release;
		};
		9D0982B72112E35D000F3946 /* Debug */ = {
			isa = XCBuildConfiguration;
			baseConfigurationReference = DD62264BA115AA4FE417F99C /* Pods-DiaryProject.debug.xcconfig */;
			buildSettings = {
				ASSETCATALOG_COMPILER_APPICON_NAME = AppIcon;
				CODE_SIGN_STYLE = Automatic;
				INFOPLIST_FILE = DiaryProject/Info.plist;
				LD_RUNPATH_SEARCH_PATHS = (
					"$(inherited)",
					"@executable_path/Frameworks",
				);
				PRODUCT_BUNDLE_IDENTIFIER = com.asvals.DiaryProject;
				PRODUCT_NAME = "$(TARGET_NAME)";
				SWIFT_VERSION = 4.0;
				TARGETED_DEVICE_FAMILY = "1,2";
			};
			name = Debug;
		};
		9D0982B82112E35D000F3946 /* Release */ = {
			isa = XCBuildConfiguration;
			baseConfigurationReference = 5EB52B07EFBE32F189C888AB /* Pods-DiaryProject.release.xcconfig */;
			buildSettings = {
				ASSETCATALOG_COMPILER_APPICON_NAME = AppIcon;
				CODE_SIGN_STYLE = Automatic;
				INFOPLIST_FILE = DiaryProject/Info.plist;
				LD_RUNPATH_SEARCH_PATHS = (
					"$(inherited)",
					"@executable_path/Frameworks",
				);
				PRODUCT_BUNDLE_IDENTIFIER = com.asvals.DiaryProject;
				PRODUCT_NAME = "$(TARGET_NAME)";
				SWIFT_VERSION = 4.0;
				TARGETED_DEVICE_FAMILY = "1,2";
			};
			name = Release;
		};
		9D86355321142F650047043C /* Debug */ = {
			isa = XCBuildConfiguration;
			baseConfigurationReference = B90935E4D04AF4DD245DC9DD /* Pods-DiaryProjectTests.debug.xcconfig */;
			buildSettings = {
				BUNDLE_LOADER = "$(TEST_HOST)";
				CODE_SIGN_STYLE = Automatic;
				INFOPLIST_FILE = DiaryProjectTests/Info.plist;
				LD_RUNPATH_SEARCH_PATHS = (
					"$(inherited)",
					"@executable_path/Frameworks",
					"@loader_path/Frameworks",
				);
				PRODUCT_BUNDLE_IDENTIFIER = com.asvals.DiaryProjectTests;
				PRODUCT_NAME = "$(TARGET_NAME)";
				SWIFT_VERSION = 4.0;
				TARGETED_DEVICE_FAMILY = "1,2";
				TEST_HOST = "$(BUILT_PRODUCTS_DIR)/DiaryProject.app/DiaryProject";
			};
			name = Debug;
		};
		9D86355421142F650047043C /* Release */ = {
			isa = XCBuildConfiguration;
			baseConfigurationReference = 2305B39937B777DCD2F8C092 /* Pods-DiaryProjectTests.release.xcconfig */;
			buildSettings = {
				BUNDLE_LOADER = "$(TEST_HOST)";
				CODE_SIGN_STYLE = Automatic;
				INFOPLIST_FILE = DiaryProjectTests/Info.plist;
				LD_RUNPATH_SEARCH_PATHS = (
					"$(inherited)",
					"@executable_path/Frameworks",
					"@loader_path/Frameworks",
				);
				PRODUCT_BUNDLE_IDENTIFIER = com.asvals.DiaryProjectTests;
				PRODUCT_NAME = "$(TARGET_NAME)";
				SWIFT_VERSION = 4.0;
				TARGETED_DEVICE_FAMILY = "1,2";
				TEST_HOST = "$(BUILT_PRODUCTS_DIR)/DiaryProject.app/DiaryProject";
			};
			name = Release;
		};
/* End XCBuildConfiguration section */

/* Begin XCConfigurationList section */
		9D09829F2112E35C000F3946 /* Build configuration list for PBXProject "DiaryProject" */ = {
			isa = XCConfigurationList;
			buildConfigurations = (
				9D0982B42112E35D000F3946 /* Debug */,
				9D0982B52112E35D000F3946 /* Release */,
			);
			defaultConfigurationIsVisible = 0;
			defaultConfigurationName = Release;
		};
		9D0982B62112E35D000F3946 /* Build configuration list for PBXNativeTarget "DiaryProject" */ = {
			isa = XCConfigurationList;
			buildConfigurations = (
				9D0982B72112E35D000F3946 /* Debug */,
				9D0982B82112E35D000F3946 /* Release */,
			);
			defaultConfigurationIsVisible = 0;
			defaultConfigurationName = Release;
		};
		9D86355221142F650047043C /* Build configuration list for PBXNativeTarget "DiaryProjectTests" */ = {
			isa = XCConfigurationList;
			buildConfigurations = (
				9D86355321142F650047043C /* Debug */,
				9D86355421142F650047043C /* Release */,
			);
			defaultConfigurationIsVisible = 0;
			defaultConfigurationName = Release;
		};
/* End XCConfigurationList section */
	};
	rootObject = 9D09829C2112E35C000F3946 /* Project object */;
}
